
Microsoft Visual Studio Solution File, Format Version 12.00
# Visual Studio Version 17
VisualStudioVersion = 17.2.32616.157
MinimumVisualStudioVersion = 10.0.40219.1
Project("{FAE04EC0-301F-11D3-BF4B-00C04F79EFBC}") = "DctrWho", "DctrWho.csproj", "{D4EF79A1-AF17-4AE0-8F98-ACC3A83F918A}"
EndProject
Project("{9A19103F-16F7-4668-BE54-9A1E7A4F7556}") = "DoctrWho.Db", "..\DoctrWho.Db\DoctrWho.Db.csproj", "{3F5753D1-C113-4221-AD9C-541D0ABA488A}"
EndProject
Global
	GlobalSection(SolutionConfigurationPlatforms) = preSolution
		Debug|Any CPU = Debug|Any CPU
		Release|Any CPU = Release|Any CPU
	EndGlobalSection
	GlobalSection(ProjectConfigurationPlatforms) = postSolution
		{D4EF79A1-AF17-4AE0-8F98-ACC3A83F918A}.Debug|Any CPU.ActiveCfg = Debug|Any CPU
		{D4EF79A1-AF17-4AE0-8F98-ACC3A83F918A}.Debug|Any CPU.Build.0 = Debug|Any CPU
		{D4EF79A1-AF17-4AE0-8F98-ACC3A83F918A}.Release|Any CPU.ActiveCfg = Release|Any CPU
		{D4EF79A1-AF17-4AE0-8F98-ACC3A83F918A}.Release|Any CPU.Build.0 = Release|Any CPU
		{3F5753D1-C113-4221-AD9C-541D0ABA488A}.Debug|Any CPU.ActiveCfg = Debug|Any CPU
		{3F5753D1-C113-4221-AD9C-541D0ABA488A}.Debug|Any CPU.Build.0 = Debug|Any CPU
		{3F5753D1-C113-4221-AD9C-541D0ABA488A}.Release|Any CPU.ActiveCfg = Release|Any CPU
		{3F5753D1-C113-4221-AD9C-541D0ABA488A}.Release|Any CPU.Build.0 = Release|Any CPU
	EndGlobalSection
	GlobalSection(SolutionProperties) = preSolution
		HideSolutionNode = FALSE
	EndGlobalSection
	GlobalSection(ExtensibilityGlobals) = postSolution
		SolutionGuid = {18536283-E820-438A-BE89-BA06A89926DA}
	EndGlobalSection
EndGlobal
